
Microsoft Visual Studio Solution File, Format Version 12.00
# Visual Studio 2015
Project("{FAE04EC0-301F-11D3-BF4B-00C04F79EFBC}") = "Tactics.CSharp", "Tactics.CSharp.csproj", "{0EF95B57-310E-FB5A-C4E1-D362D5B946BA}"
EndProject
Project("{FAE04EC0-301F-11D3-BF4B-00C04F79EFBC}") = "Tactics.CSharp.Editor.Plugins", "Tactics.CSharp.Editor.Plugins.csproj", "{78D75C73-F4BE-8B0D-8BE0-5AAEC324F4CC}"
EndProject
Project("{FAE04EC0-301F-11D3-BF4B-00C04F79EFBC}") = "Tactics.CSharp.Editor", "Tactics.CSharp.Editor.csproj", "{FAB1EADB-19F7-54A1-EADC-BA9B9480B203}"
EndProject
Global
	GlobalSection(SolutionConfigurationPlatforms) = preSolution
		Debug|Any CPU = Debug|Any CPU
		Release|Any CPU = Release|Any CPU
	EndGlobalSection
	GlobalSection(ProjectConfigurationPlatforms) = postSolution
		{0EF95B57-310E-FB5A-C4E1-D362D5B946BA}.Debug|Any CPU.ActiveCfg = Debug|Any CPU
		{0EF95B57-310E-FB5A-C4E1-D362D5B946BA}.Debug|Any CPU.Build.0 = Debug|Any CPU
		{0EF95B57-310E-FB5A-C4E1-D362D5B946BA}.Release|Any CPU.ActiveCfg = Release|Any CPU
		{0EF95B57-310E-FB5A-C4E1-D362D5B946BA}.Release|Any CPU.Build.0 = Release|Any CPU
		{78D75C73-F4BE-8B0D-8BE0-5AAEC324F4CC}.Debug|Any CPU.ActiveCfg = Debug|Any CPU
		{78D75C73-F4BE-8B0D-8BE0-5AAEC324F4CC}.Debug|Any CPU.Build.0 = Debug|Any CPU
		{78D75C73-F4BE-8B0D-8BE0-5AAEC324F4CC}.Release|Any CPU.ActiveCfg = Release|Any CPU
		{78D75C73-F4BE-8B0D-8BE0-5AAEC324F4CC}.Release|Any CPU.Build.0 = Release|Any CPU
		{FAB1EADB-19F7-54A1-EADC-BA9B9480B203}.Debug|Any CPU.ActiveCfg = Debug|Any CPU
		{FAB1EADB-19F7-54A1-EADC-BA9B9480B203}.Debug|Any CPU.Build.0 = Debug|Any CPU
		{FAB1EADB-19F7-54A1-EADC-BA9B9480B203}.Release|Any CPU.ActiveCfg = Release|Any CPU
		{FAB1EADB-19F7-54A1-EADC-BA9B9480B203}.Release|Any CPU.Build.0 = Release|Any CPU
	EndGlobalSection
	GlobalSection(SolutionProperties) = preSolution
		HideSolutionNode = FALSE
	EndGlobalSection
EndGlobal
